
Microsoft Visual Studio Solution File, Format Version 12.00
# Visual Studio Version 17
VisualStudioVersion = 17.1.32421.90
MinimumVisualStudioVersion = 10.0.40219.1
Project("{FAE04EC0-301F-11D3-BF4B-00C04F79EFBC}") = "ScreenSaver", "ScreenSaver\ScreenSaver.csproj", "{C66FFB59-19C1-42C6-A82D-4DBC549D8454}"
EndProject
Global
	GlobalSection(SolutionConfigurationPlatforms) = preSolution
		Debug|Any CPU = Debug|Any CPU
		Release|Any CPU = Release|Any CPU
	EndGlobalSection
	GlobalSection(ProjectConfigurationPlatforms) = postSolution
		{C66FFB59-19C1-42C6-A82D-4DBC549D8454}.Debug|Any CPU.ActiveCfg = Debug|Any CPU
		{C66FFB59-19C1-42C6-A82D-4DBC549D8454}.Debug|Any CPU.Build.0 = Debug|Any CPU
		{C66FFB59-19C1-42C6-A82D-4DBC549D8454}.Release|Any CPU.ActiveCfg = Release|Any CPU
		{C66FFB59-19C1-42C6-A82D-4DBC549D8454}.Release|Any CPU.Build.0 = Release|Any CPU
	EndGlobalSection
	GlobalSection(SolutionProperties) = preSolution
		HideSolutionNode = FALSE
	EndGlobalSection
	GlobalSection(ExtensibilityGlobals) = postSolution
		SolutionGuid = {B665E775-E9AB-4847-9E62-C234E4468716}
	EndGlobalSection
EndGlobal
